
Microsoft Visual Studio Solution File, Format Version 12.00
# Visual Studio Version 17
VisualStudioVersion = 17.8.34511.84
MinimumVisualStudioVersion = 10.0.40219.1
Project("{FAE04EC0-301F-11D3-BF4B-00C04F79EFBC}") = "WPF_SQL_Test", "WPF_SQL_Test\WPF_SQL_Test.csproj", "{520A12DF-5F08-48CD-83FA-DF4DD43CA168}"
EndProject
Global
	GlobalSection(SolutionConfigurationPlatforms) = preSolution
		Debug|Any CPU = Debug|Any CPU
		Release|Any CPU = Release|Any CPU
	EndGlobalSection
	GlobalSection(ProjectConfigurationPlatforms) = postSolution
		{520A12DF-5F08-48CD-83FA-DF4DD43CA168}.Debug|Any CPU.ActiveCfg = Debug|Any CPU
		{520A12DF-5F08-48CD-83FA-DF4DD43CA168}.Debug|Any CPU.Build.0 = Debug|Any CPU
		{520A12DF-5F08-48CD-83FA-DF4DD43CA168}.Release|Any CPU.ActiveCfg = Release|Any CPU
		{520A12DF-5F08-48CD-83FA-DF4DD43CA168}.Release|Any CPU.Build.0 = Release|Any CPU
	EndGlobalSection
	GlobalSection(SolutionProperties) = preSolution
		HideSolutionNode = FALSE
	EndGlobalSection
	GlobalSection(ExtensibilityGlobals) = postSolution
		SolutionGuid = {98F5F1D7-A952-4DA3-BAB9-39DA5267B39A}
	EndGlobalSection
EndGlobal
